
Microsoft Visual Studio Solution File, Format Version 12.00
# Visual Studio Version 17
VisualStudioVersion = 17.3.32922.545
MinimumVisualStudioVersion = 10.0.40219.1
Project("{FAE04EC0-301F-11D3-BF4B-00C04F79EFBC}") = "SQLDatabaseProject", "SQLDatabaseProject.csproj", "{02E2297D-F817-435F-B1B4-66F82D83DB22}"
EndProject
Global
	GlobalSection(SolutionConfigurationPlatforms) = preSolution
		Debug|Any CPU = Debug|Any CPU
		Release|Any CPU = Release|Any CPU
	EndGlobalSection
	GlobalSection(ProjectConfigurationPlatforms) = postSolution
		{02E2297D-F817-435F-B1B4-66F82D83DB22}.Debug|Any CPU.ActiveCfg = Debug|Any CPU
		{02E2297D-F817-435F-B1B4-66F82D83DB22}.Debug|Any CPU.Build.0 = Debug|Any CPU
		{02E2297D-F817-435F-B1B4-66F82D83DB22}.Release|Any CPU.ActiveCfg = Release|Any CPU
		{02E2297D-F817-435F-B1B4-66F82D83DB22}.Release|Any CPU.Build.0 = Release|Any CPU
	EndGlobalSection
	GlobalSection(SolutionProperties) = preSolution
		HideSolutionNode = FALSE
	EndGlobalSection
	GlobalSection(ExtensibilityGlobals) = postSolution
		SolutionGuid = {B7610A55-ED8A-4E88-A8DD-7B287B946889}
	EndGlobalSection
EndGlobal
